
Microsoft Visual Studio Solution File, Format Version 12.00
# Visual Studio 2013
VisualStudioVersion = 12.0.31101.0
MinimumVisualStudioVersion = 10.0.40219.1
Project("{FAE04EC0-301F-11D3-BF4B-00C04F79EFBC}") = "WebControls", "..\..\..\..\..\Code\WebForm\WindowsFormsApplication1\WindowsFormsApplication1\WebControls.csproj", "{E7D118D6-E4B0-4D34-BBD9-635D58D6EC87}"
EndProject
Project("{FAE04EC0-301F-11D3-BF4B-00C04F79EFBC}") = "WebSite", "..\..\..\..\..\Code\WebForm\WindowsFormsApplication1\WebApplication1\WebSite.csproj", "{4FF5C0B6-0110-49DB-9BC8-86D32EEF6306}"
EndProject
Project("{2150E333-8FDC-42A3-9474-1A3956D46DE8}") = ".nuget", ".nuget", "{A72BE52F-AEF1-482D-88C7-9AB0B4F885E0}"
EndProject
Project("{FAE04EC0-301F-11D3-BF4B-00C04F79EFBC}") = "WebJob", "..\..\..\..\..\Code\WebForm\WindowsFormsApplication1\WebJob\WebJob.csproj", "{05C8E345-3EFE-4658-8048-439F94538AD6}"
EndProject
Global
	GlobalSection(SolutionConfigurationPlatforms) = preSolution
		Debug|Any CPU = Debug|Any CPU
		Release|Any CPU = Release|Any CPU
	EndGlobalSection
	GlobalSection(ProjectConfigurationPlatforms) = postSolution
		{E7D118D6-E4B0-4D34-BBD9-635D58D6EC87}.Debug|Any CPU.ActiveCfg = Debug|Any CPU
		{E7D118D6-E4B0-4D34-BBD9-635D58D6EC87}.Debug|Any CPU.Build.0 = Debug|Any CPU
		{E7D118D6-E4B0-4D34-BBD9-635D58D6EC87}.Release|Any CPU.ActiveCfg = Release|Any CPU
		{E7D118D6-E4B0-4D34-BBD9-635D58D6EC87}.Release|Any CPU.Build.0 = Release|Any CPU
		{4FF5C0B6-0110-49DB-9BC8-86D32EEF6306}.Debug|Any CPU.ActiveCfg = Debug|Any CPU
		{4FF5C0B6-0110-49DB-9BC8-86D32EEF6306}.Debug|Any CPU.Build.0 = Debug|Any CPU
		{4FF5C0B6-0110-49DB-9BC8-86D32EEF6306}.Release|Any CPU.ActiveCfg = Release|Any CPU
		{4FF5C0B6-0110-49DB-9BC8-86D32EEF6306}.Release|Any CPU.Build.0 = Release|Any CPU
		{05C8E345-3EFE-4658-8048-439F94538AD6}.Debug|Any CPU.ActiveCfg = Debug|Any CPU
		{05C8E345-3EFE-4658-8048-439F94538AD6}.Debug|Any CPU.Build.0 = Debug|Any CPU
		{05C8E345-3EFE-4658-8048-439F94538AD6}.Release|Any CPU.ActiveCfg = Release|Any CPU
		{05C8E345-3EFE-4658-8048-439F94538AD6}.Release|Any CPU.Build.0 = Release|Any CPU
	EndGlobalSection
	GlobalSection(SolutionProperties) = preSolution
		HideSolutionNode = FALSE
	EndGlobalSection
EndGlobal
